// !$*UTF8*$!
{
	archiveVersion = 1;
	classes = {
	};
	objectVersion = 48;
	objects = {

/* Begin PBXBuildFile section */
		AA5AEB181FFC851B00E562A9 /* AppDelegate.swift in Sources */ = {isa = PBXBuildFile; fileRef = AA5AEB171FFC851B00E562A9 /* AppDelegate.swift */; };
		AA5AEB1A1FFC851B00E562A9 /* ViewController.swift in Sources */ = {isa = PBXBuildFile; fileRef = AA5AEB191FFC851B00E562A9 /* ViewController.swift */; };
		AA5AEB1D1FFC851B00E562A9 /* Main.storyboard in Resources */ = {isa = PBXBuildFile; fileRef = AA5AEB1B1FFC851B00E562A9 /* Main.storyboard */; };
		AA5AEB1F1FFC851B00E562A9 /* Assets.xcassets in Resources */ = {isa = PBXBuildFile; fileRef = AA5AEB1E1FFC851B00E562A9 /* Assets.xcassets */; };
		AA5AEB221FFC851B00E562A9 /* LaunchScreen.storyboard in Resources */ = {isa = PBXBuildFile; fileRef = AA5AEB201FFC851B00E562A9 /* LaunchScreen.storyboard */; };
		AA5AEB2D1FFC851B00E562A9 /* HUBGOTests.swift in Sources */ = {isa = PBXBuildFile; fileRef = AA5AEB2C1FFC851B00E562A9 /* HUBGOTests.swift */; };
		AA5AEB381FFC851B00E562A9 /* HUBGOUITests.swift in Sources */ = {isa = PBXBuildFile; fileRef = AA5AEB371FFC851B00E562A9 /* HUBGOUITests.swift */; };
/* End PBXBuildFile section */

/* Begin PBXContainerItemProxy section */
		AA5AEB291FFC851B00E562A9 /* PBXContainerItemProxy */ = {
			isa = PBXContainerItemProxy;
			containerPortal = AA5AEB0C1FFC851A00E562A9 /* Project object */;
			proxyType = 1;
			remoteGlobalIDString = AA5AEB131FFC851A00E562A9;
			remoteInfo = HUBGO;
		};
		AA5AEB341FFC851B00E562A9 /* PBXContainerItemProxy */ = {
			isa = PBXContainerItemProxy;
			containerPortal = AA5AEB0C1FFC851A00E562A9 /* Project object */;
			proxyType = 1;
			remoteGlobalIDString = AA5AEB131FFC851A00E562A9;
			remoteInfo = HUBGO;
		};
/* End PBXContainerItemProxy section */

/* Begin PBXFileReference section */
		AA5AEB141FFC851B00E562A9 /* HUBGO.app */ = {isa = PBXFileReference; explicitFileType = wrapper.application; includeInIndex = 0; path = HUBGO.app; sourceTree = BUILT_PRODUCTS_DIR; };
		AA5AEB171FFC851B00E562A9 /* AppDelegate.swift */ = {isa = PBXFileReference; lastKnownFileType = sourcecode.swift; path = AppDelegate.swift; sourceTree = "<group>"; };
		AA5AEB191FFC851B00E562A9 /* ViewController.swift */ = {isa = PBXFileReference; lastKnownFileType = sourcecode.swift; path = ViewController.swift; sourceTree = "<group>"; };
		AA5AEB1C1FFC851B00E562A9 /* Base */ = {isa = PBXFileReference; lastKnownFileType = file.storyboard; name = Base; path = Base.lproj/Main.storyboard; sourceTree = "<group>"; };
		AA5AEB1E1FFC851B00E562A9 /* Assets.xcassets */ = {isa = PBXFileReference; lastKnownFileType = folder.assetcatalog; path = Assets.xcassets; sourceTree = "<group>"; };
		AA5AEB211FFC851B00E562A9 /* Base */ = {isa = PBXFileReference; lastKnownFileType = file.storyboard; name = Base; path = Base.lproj/LaunchScreen.storyboard; sourceTree = "<group>"; };
		AA5AEB231FFC851B00E562A9 /* Info.plist */ = {isa = PBXFileReference; lastKnownFileType = text.plist.xml; path = Info.plist; sourceTree = "<group>"; };
		AA5AEB281FFC851B00E562A9 /* HUBGOTests.xctest */ = {isa = PBXFileReference; explicitFileType = wrapper.cfbundle; includeInIndex = 0; path = HUBGOTests.xctest; sourceTree = BUILT_PRODUCTS_DIR; };
		AA5AEB2C1FFC851B00E562A9 /* HUBGOTests.swift */ = {isa = PBXFileReference; lastKnownFileType = sourcecode.swift; path = HUBGOTests.swift; sourceTree = "<group>"; };
		AA5AEB2E1FFC851B00E562A9 /* Info.plist */ = {isa = PBXFileReference; lastKnownFileType = text.plist.xml; path = Info.plist; sourceTree = "<group>"; };
		AA5AEB331FFC851B00E562A9 /* HUBGOUITests.xctest */ = {isa = PBXFileReference; explicitFileType = wrapper.cfbundle; includeInIndex = 0; path = HUBGOUITests.xctest; sourceTree = BUILT_PRODUCTS_DIR; };
		AA5AEB371FFC851B00E562A9 /* HUBGOUITests.swift */ = {isa = PBXFileReference; lastKnownFileType = sourcecode.swift; path = HUBGOUITests.swift; sourceTree = "<group>"; };
		AA5AEB391FFC851B00E562A9 /* Info.plist */ = {isa = PBXFileReference; lastKnownFileType = text.plist.xml; path = Info.plist; sourceTree = "<group>"; };
/* End PBXFileReference section */

/* Begin PBXFrameworksBuildPhase section */
		AA5AEB111FFC851A00E562A9 /* Frameworks */ = {
			isa = PBXFrameworksBuildPhase;
			buildActionMask = 2147483647;
			files = (
			);
			runOnlyForDeploymentPostprocessing = 0;
		};
		AA5AEB251FFC851B00E562A9 /* Frameworks */ = {
			isa = PBXFrameworksBuildPhase;
			buildActionMask = 2147483647;
			files = (
			);
			runOnlyForDeploymentPostprocessing = 0;
		};
		AA5AEB301FFC851B00E562A9 /* Frameworks */ = {
			isa = PBXFrameworksBuildPhase;
			buildActionMask = 2147483647;
			files = (
			);
			runOnlyForDeploymentPostprocessing = 0;
		};
/* End PBXFrameworksBuildPhase section */

/* Begin PBXGroup section */
		AA5AEB0B1FFC851A00E562A9 = {
			isa = PBXGroup;
			children = (
				AA5AEB161FFC851B00E562A9 /* HUBGO */,
				AA5AEB2B1FFC851B00E562A9 /* HUBGOTests */,
				AA5AEB361FFC851B00E562A9 /* HUBGOUITests */,
				AA5AEB151FFC851B00E562A9 /* Products */,
			);
			sourceTree = "<group>";
		};
		AA5AEB151FFC851B00E562A9 /* Products */ = {
			isa = PBXGroup;
			children = (
				AA5AEB141FFC851B00E562A9 /* HUBGO.app */,
				AA5AEB281FFC851B00E562A9 /* HUBGOTests.xctest */,
				AA5AEB331FFC851B00E562A9 /* HUBGOUITests.xctest */,
			);
			name = Products;
			sourceTree = "<group>";
		};
		AA5AEB161FFC851B00E562A9 /* HUBGO */ = {
			isa = PBXGroup;
			children = (
				AA5AEB171FFC851B00E562A9 /* AppDelegate.swift */,
				AA5AEB191FFC851B00E562A9 /* ViewController.swift */,
				AA5AEB1B1FFC851B00E562A9 /* Main.storyboard */,
				AA5AEB1E1FFC851B00E562A9 /* Assets.xcassets */,
				AA5AEB201FFC851B00E562A9 /* LaunchScreen.storyboard */,
				AA5AEB231FFC851B00E562A9 /* Info.plist */,
			);
			path = HUBGO;
			sourceTree = "<group>";
		};
		AA5AEB2B1FFC851B00E562A9 /* HUBGOTests */ = {
			isa = PBXGroup;
			children = (
				AA5AEB2C1FFC851B00E562A9 /* HUBGOTests.swift */,
				AA5AEB2E1FFC851B00E562A9 /* Info.plist */,
			);
			path = HUBGOTests;
			sourceTree = "<group>";
		};
		AA5AEB361FFC851B00E562A9 /* HUBGOUITests */ = {
			isa = PBXGroup;
			children = (
				AA5AEB371FFC851B00E562A9 /* HUBGOUITests.swift */,
				AA5AEB391FFC851B00E562A9 /* Info.plist */,
			);
			path = HUBGOUITests;
			sourceTree = "<group>";
		};
/* End PBXGroup section */

/* Begin PBXNativeTarget section */
		AA5AEB131FFC851A00E562A9 /* HUBGO */ = {
			isa = PBXNativeTarget;
			buildConfigurationList = AA5AEB3C1FFC851B00E562A9 /* Build configuration list for PBXNativeTarget "HUBGO" */;
			buildPhases = (
				AA5AEB101FFC851A00E562A9 /* Sources */,
				AA5AEB111FFC851A00E562A9 /* Frameworks */,
				AA5AEB121FFC851A00E562A9 /* Resources */,
			);
			buildRules = (
			);
			dependencies = (
			);
			name = HUBGO;
			productName = HUBGO;
			productReference = AA5AEB141FFC851B00E562A9 /* HUBGO.app */;
			productType = "com.apple.product-type.application";
		};
		AA5AEB271FFC851B00E562A9 /* HUBGOTests */ = {
			isa = PBXNativeTarget;
			buildConfigurationList = AA5AEB3F1FFC851B00E562A9 /* Build configuration list for PBXNativeTarget "HUBGOTests" */;
			buildPhases = (
				AA5AEB241FFC851B00E562A9 /* Sources */,
				AA5AEB251FFC851B00E562A9 /* Frameworks */,
				AA5AEB261FFC851B00E562A9 /* Resources */,
			);
			buildRules = (
			);
			dependencies = (
				AA5AEB2A1FFC851B00E562A9 /* PBXTargetDependency */,
			);
			name = HUBGOTests;
			productName = HUBGOTests;
			productReference = AA5AEB281FFC851B00E562A9 /* HUBGOTests.xctest */;
			productType = "com.apple.product-type.bundle.unit-test";
		};
		AA5AEB321FFC851B00E562A9 /* HUBGOUITests */ = {
			isa = PBXNativeTarget;
			buildConfigurationList = AA5AEB421FFC851B00E562A9 /* Build configuration list for PBXNativeTarget "HUBGOUITests" */;
			buildPhases = (
				AA5AEB2F1FFC851B00E562A9 /* Sources */,
				AA5AEB301FFC851B00E562A9 /* Frameworks */,
				AA5AEB311FFC851B00E562A9 /* Resources */,
			);
			buildRules = (
			);
			dependencies = (
				AA5AEB351FFC851B00E562A9 /* PBXTargetDependency */,
			);
			name = HUBGOUITests;
			productName = HUBGOUITests;
			productReference = AA5AEB331FFC851B00E562A9 /* HUBGOUITests.xctest */;
			productType = "com.apple.product-type.bundle.ui-testing";
		};
/* End PBXNativeTarget section */

/* Begin PBXProject section */
		AA5AEB0C1FFC851A00E562A9 /* Project object */ = {
			isa = PBXProject;
			attributes = {
				LastSwiftUpdateCheck = 0920;
				LastUpgradeCheck = 0920;
				ORGANIZATIONNAME = "wang huiming";
				TargetAttributes = {
					AA5AEB131FFC851A00E562A9 = {
						CreatedOnToolsVersion = 9.2;
						ProvisioningStyle = Automatic;
					};
					AA5AEB271FFC851B00E562A9 = {
						CreatedOnToolsVersion = 9.2;
						ProvisioningStyle = Automatic;
						TestTargetID = AA5AEB131FFC851A00E562A9;
					};
					AA5AEB321FFC851B00E562A9 = {
						CreatedOnToolsVersion = 9.2;
						ProvisioningStyle = Automatic;
						TestTargetID = AA5AEB131FFC851A00E562A9;
					};
				};
			};
			buildConfigurationList = AA5AEB0F1FFC851A00E562A9 /* Build configuration list for PBXProject "HUBGO" */;
			compatibilityVersion = "Xcode 8.0";
			developmentRegion = en;
			hasScannedForEncodings = 0;
			knownRegions = (
				en,
				Base,
			);
			mainGroup = AA5AEB0B1FFC851A00E562A9;
			productRefGroup = AA5AEB151FFC851B00E562A9 /* Products */;
			projectDirPath = "";
			projectRoot = "";
			targets = (
				AA5AEB131FFC851A00E562A9 /* HUBGO */,
				AA5AEB271FFC851B00E562A9 /* HUBGOTests */,
				AA5AEB321FFC851B00E562A9 /* HUBGOUITests */,
			);
		};
/* End PBXProject section */

/* Begin PBXResourcesBuildPhase section */
		AA5AEB121FFC851A00E562A9 /* Resources */ = {
			isa = PBXResourcesBuildPhase;
			buildActionMask = 2147483647;
			files = (
				AA5AEB221FFC851B00E562A9 /* LaunchScreen.storyboard in Resources */,
				AA5AEB1F1FFC851B00E562A9 /* Assets.xcassets in Resources */,
				AA5AEB1D1FFC851B00E562A9 /* Main.storyboard in Resources */,
			);
			runOnlyForDeploymentPostprocessing = 0;
		};
		AA5AEB261FFC851B00E562A9 /* Resources */ = {
			isa = PBXResourcesBuildPhase;
			buildActionMask = 2147483647;
			files = (
			);
			runOnlyForDeploymentPostprocessing = 0;
		};
		AA5AEB311FFC851B00E562A9 /* Resources */ = {
			isa = PBXResourcesBuildPhase;
			buildActionMask = 2147483647;
			files = (
			);
			runOnlyForDeploymentPostprocessing = 0;
		};
/* End PBXResourcesBuildPhase section */

/* Begin PBXSourcesBuildPhase section */
		AA5AEB101FFC851A00E562A9 /* Sources */ = {
			isa = PBXSourcesBuildPhase;
			buildActionMask = 2147483647;
			files = (
				AA5AEB1A1FFC851B00E562A9 /* ViewController.swift in Sources */,
				AA5AEB181FFC851B00E562A9 /* AppDelegate.swift in Sources */,
			);
			runOnlyForDeploymentPostprocessing = 0;
		};
		AA5AEB241FFC851B00E562A9 /* Sources */ = {
			isa = PBXSourcesBuildPhase;
			buildActionMask = 2147483647;
			files = (
				AA5AEB2D1FFC851B00E562A9 /* HUBGOTests.swift in Sources */,
			);
			runOnlyForDeploymentPostprocessing = 0;
		};
		AA5AEB2F1FFC851B00E562A9 /* Sources */ = {
			isa = PBXSourcesBuildPhase;
			buildActionMask = 2147483647;
			files = (
				AA5AEB381FFC851B00E562A9 /* HUBGOUITests.swift in Sources */,
			);
			runOnlyForDeploymentPostprocessing = 0;
		};
/* End PBXSourcesBuildPhase section */

/* Begin PBXTargetDependency section */
		AA5AEB2A1FFC851B00E562A9 /* PBXTargetDependency */ = {
			isa = PBXTargetDependency;
			target = AA5AEB131FFC851A00E562A9 /* HUBGO */;
			targetProxy = AA5AEB291FFC851B00E562A9 /* PBXContainerItemProxy */;
		};
		AA5AEB351FFC851B00E562A9 /* PBXTargetDependency */ = {
			isa = PBXTargetDependency;
			target = AA5AEB131FFC851A00E562A9 /* HUBGO */;
			targetProxy = AA5AEB341FFC851B00E562A9 /* PBXContainerItemProxy */;
		};
/* End PBXTargetDependency section */

/* Begin PBXVariantGroup section */
		AA5AEB1B1FFC851B00E562A9 /* Main.storyboard */ = {
			isa = PBXVariantGroup;
			children = (
				AA5AEB1C1FFC851B00E562A9 /* Base */,
			);
			name = Main.storyboard;
			sourceTree = "<group>";
		};
		AA5AEB201FFC851B00E562A9 /* LaunchScreen.storyboard */ = {
			isa = PBXVariantGroup;
			children = (
				AA5AEB211FFC851B00E562A9 /* Base */,
			);
			name = LaunchScreen.storyboard;
			sourceTree = "<group>";
		};
/* End PBXVariantGroup section */

/* Begin XCBuildConfiguration section */
		AA5AEB3A1FFC851B00E562A9 /* Debug */ = {
			isa = XCBuildConfiguration;
			buildSettings = {
				ALWAYS_SEARCH_USER_PATHS = NO;
				CLANG_ANALYZER_NONNULL = YES;
				CLANG_ANALYZER_NUMBER_OBJECT_CONVERSION = YES_AGGRESSIVE;
				CLANG_CXX_LANGUAGE_STANDARD = "gnu++14";
				CLANG_CXX_LIBRARY = "libc++";
				CLANG_ENABLE_MODULES = YES;
				CLANG_ENABLE_OBJC_ARC = YES;
				CLANG_WARN_BLOCK_CAPTURE_AUTORELEASING = YES;
				CLANG_WARN_BOOL_CONVERSION = YES;
				CLANG_WARN_COMMA = YES;
				CLANG_WARN_CONSTANT_CONVERSION = YES;
				CLANG_WARN_DIRECT_OBJC_ISA_USAGE = YES_ERROR;
				CLANG_WARN_DOCUMENTATION_COMMENTS = YES;
				CLANG_WARN_EMPTY_BODY = YES;
				CLANG_WARN_ENUM_CONVERSION = YES;
				CLANG_WARN_INFINITE_RECURSION = YES;
				CLANG_WARN_INT_CONVERSION = YES;
				CLANG_WARN_NON_LITERAL_NULL_CONVERSION = YES;
				CLANG_WARN_OBJC_LITERAL_CONVERSION = YES;
				CLANG_WARN_OBJC_ROOT_CLASS = YES_ERROR;
				CLANG_WARN_RANGE_LOOP_ANALYSIS = YES;
				CLANG_WARN_STRICT_PROTOTYPES = YES;
				CLANG_WARN_SUSPICIOUS_MOVE = YES;
				CLANG_WARN_UNGUARDED_AVAILABILITY = YES_AGGRESSIVE;
				CLANG_WARN_UNREACHABLE_CODE = YES;
				CLANG_WARN__DUPLICATE_METHOD_MATCH = YES;
				CODE_SIGN_IDENTITY = "iPhone Developer";
				COPY_PHASE_STRIP = NO;
				DEBUG_INFORMATION_FORMAT = dwarf;
				ENABLE_STRICT_OBJC_MSGSEND = YES;
				ENABLE_TESTABILITY = YES;
				GCC_C_LANGUAGE_STANDARD = gnu11;
				GCC_DYNAMIC_NO_PIC = NO;
				GCC_NO_COMMON_BLOCKS = YES;
				GCC_OPTIMIZATION_LEVEL = 0;
				GCC_PREPROCESSOR_DEFINITIONS = (
					"DEBUG=1",
					"$(inherited)",
				);
				GCC_WARN_64_TO_32_BIT_CONVERSION = YES;
				GCC_WARN_ABOUT_RETURN_TYPE = YES_ERROR;
				GCC_WARN_UNDECLARED_SELECTOR = YES;
				GCC_WARN_UNINITIALIZED_AUTOS = YES_AGGRESSIVE;
				GCC_WARN_UNUSED_FUNCTION = YES;
				GCC_WARN_UNUSED_VARIABLE = YES;
				IPHONEOS_DEPLOYMENT_TARGET = 11.2;
				MTL_ENABLE_DEBUG_INFO = YES;
				ONLY_ACTIVE_ARCH = YES;
				SDKROOT = iphoneos;
				SWIFT_ACTIVE_COMPILATION_CONDITIONS = DEBUG;
				SWIFT_OPTIMIZATION_LEVEL = "-Onone";
			};
			name = Debug;
		};
		AA5AEB3B1FFC851B00E562A9 /* Release */ = {
			isa = XCBuildConfiguration;
			buildSettings = {
				ALWAYS_SEARCH_USER_PATHS = NO;
				CLANG_ANALYZER_NONNULL = YES;
				CLANG_ANALYZER_NUMBER_OBJECT_CONVERSION = YES_AGGRESSIVE;
				CLANG_CXX_LANGUAGE_STANDARD = "gnu++14";
				CLANG_CXX_LIBRARY = "libc++";
				CLANG_ENABLE_MODULES = YES;
				CLANG_ENABLE_OBJC_ARC = YES;
				CLANG_WARN_BLOCK_CAPTURE_AUTORELEASING = YES;
				CLANG_WARN_BOOL_CONVERSION = YES;
				CLANG_WARN_COMMA = YES;
				CLANG_WARN_CONSTANT_CONVERSION = YES;
				CLANG_WARN_DIRECT_OBJC_ISA_USAGE = YES_ERROR;
				CLANG_WARN_DOCUMENTATION_COMMENTS = YES;
				CLANG_WARN_EMPTY_BODY = YES;
				CLANG_WARN_ENUM_CONVERSION = YES;
				CLANG_WARN_INFINITE_RECURSION = YES;
				CLANG_WARN_INT_CONVERSION = YES;
				CLANG_WARN_NON_LITERAL_NULL_CONVERSION = YES;
				CLANG_WARN_OBJC_LITERAL_CONVERSION = YES;
				CLANG_WARN_OBJC_ROOT_CLASS = YES_ERROR;
				CLANG_WARN_RANGE_LOOP_ANALYSIS = YES;
				CLANG_WARN_STRICT_PROTOTYPES = YES;
				CLANG_WARN_SUSPICIOUS_MOVE = YES;
				CLANG_WARN_UNGUARDED_AVAILABILITY = YES_AGGRESSIVE;
				CLANG_WARN_UNREACHABLE_CODE = YES;
				CLANG_WARN__DUPLICATE_METHOD_MATCH = YES;
				CODE_SIGN_IDENTITY = "iPhone Developer";
				COPY_PHASE_STRIP = NO;
				DEBUG_INFORMATION_FORMAT = "dwarf-with-dsym";
				ENABLE_NS_ASSERTIONS = NO;
				ENABLE_STRICT_OBJC_MSGSEND = YES;
				GCC_C_LANGUAGE_STANDARD = gnu11;
				GCC_NO_COMMON_BLOCKS = YES;
				GCC_WARN_64_TO_32_BIT_CONVERSION = YES;
				GCC_WARN_ABOUT_RETURN_TYPE = YES_ERROR;
				GCC_WARN_UNDECLARED_SELECTOR = YES;
				GCC_WARN_UNINITIALIZED_AUTOS = YES_AGGRESSIVE;
				GCC_WARN_UNUSED_FUNCTION = YES;
				GCC_WARN_UNUSED_VARIABLE = YES;
				IPHONEOS_DEPLOYMENT_TARGET = 11.2;
				MTL_ENABLE_DEBUG_INFO = NO;
				SDKROOT = iphoneos;
				SWIFT_OPTIMIZATION_LEVEL = "-Owholemodule";
				VALIDATE_PRODUCT = YES;
			};
			name = Release;
		};
		AA5AEB3D1FFC851B00E562A9 /* Debug */ = {
			isa = XCBuildConfiguration;
			buildSettings = {
				ASSETCATALOG_COMPILER_APPICON_NAME = AppIcon;
				CODE_SIGN_STYLE = Automatic;
				INFOPLIST_FILE = HUBGO/Info.plist;
				LD_RUNPATH_SEARCH_PATHS = "$(inherited) @executable_path/Frameworks";
				PRODUCT_BUNDLE_IDENTIFIER = com.huiming.wang.HUBGO;
				PRODUCT_NAME = "$(TARGET_NAME)";
				SWIFT_VERSION = 4.0;
				TARGETED_DEVICE_FAMILY = "1,2";
			};
			name = Debug;
		};
		AA5AEB3E1FFC851B00E562A9 /* Release */ = {
			isa = XCBuildConfiguration;
			buildSettings = {
				ASSETCATALOG_COMPILER_APPICON_NAME = AppIcon;
				CODE_SIGN_STYLE = Automatic;
				INFOPLIST_FILE = HUBGO/Info.plist;
				LD_RUNPATH_SEARCH_PATHS = "$(inherited) @executable_path/Frameworks";
				PRODUCT_BUNDLE_IDENTIFIER = com.huiming.wang.HUBGO;
				PRODUCT_NAME = "$(TARGET_NAME)";
				SWIFT_VERSION = 4.0;
				TARGETED_DEVICE_FAMILY = "1,2";
			};
			name = Release;
		};
		AA5AEB401FFC851B00E562A9 /* Debug */ = {
			isa = XCBuildConfiguration;
			buildSettings = {
				ALWAYS_EMBED_SWIFT_STANDARD_LIBRARIES = YES;
				BUNDLE_LOADER = "$(TEST_HOST)";
				CODE_SIGN_STYLE = Automatic;
				INFOPLIST_FILE = HUBGOTests/Info.plist;
				LD_RUNPATH_SEARCH_PATHS = "$(inherited) @executable_path/Frameworks @loader_path/Frameworks";
				PRODUCT_BUNDLE_IDENTIFIER = com.huiming.wang.HUBGOTests;
				PRODUCT_NAME = "$(TARGET_NAME)";
				SWIFT_VERSION = 4.0;
				TARGETED_DEVICE_FAMILY = "1,2";
				TEST_HOST = "$(BUILT_PRODUCTS_DIR)/HUBGO.app/HUBGO";
			};
			name = Debug;
		};
		AA5AEB411FFC851B00E562A9 /* Release */ = {
			isa = XCBuildConfiguration;
			buildSettings = {
				ALWAYS_EMBED_SWIFT_STANDARD_LIBRARIES = YES;
				BUNDLE_LOADER = "$(TEST_HOST)";
				CODE_SIGN_STYLE = Automatic;
				INFOPLIST_FILE = HUBGOTests/Info.plist;
				LD_RUNPATH_SEARCH_PATHS = "$(inherited) @executable_path/Frameworks @loader_path/Frameworks";
				PRODUCT_BUNDLE_IDENTIFIER = com.huiming.wang.HUBGOTests;
				PRODUCT_NAME = "$(TARGET_NAME)";
				SWIFT_VERSION = 4.0;
				TARGETED_DEVICE_FAMILY = "1,2";
				TEST_HOST = "$(BUILT_PRODUCTS_DIR)/HUBGO.app/HUBGO";
			};
			name = Release;
		};
		AA5AEB431FFC851B00E562A9 /* Debug */ = {
			isa = XCBuildConfiguration;
			buildSettings = {
				ALWAYS_EMBED_SWIFT_STANDARD_LIBRARIES = YES;
				CODE_SIGN_STYLE = Automatic;
				INFOPLIST_FILE = HUBGOUITests/Info.plist;
				LD_RUNPATH_SEARCH_PATHS = "$(inherited) @executable_path/Frameworks @loader_path/Frameworks";
				PRODUCT_BUNDLE_IDENTIFIER = com.huiming.wang.HUBGOUITests;
				PRODUCT_NAME = "$(TARGET_NAME)";
				SWIFT_VERSION = 4.0;
				TARGETED_DEVICE_FAMILY = "1,2";
				TEST_TARGET_NAME = HUBGO;
			};
			name = Debug;
		};
		AA5AEB441FFC851B00E562A9 /* Release */ = {
			isa = XCBuildConfiguration;
			buildSettings = {
				ALWAYS_EMBED_SWIFT_STANDARD_LIBRARIES = YES;
				CODE_SIGN_STYLE = Automatic;
				INFOPLIST_FILE = HUBGOUITests/Info.plist;
				LD_RUNPATH_SEARCH_PATHS = "$(inherited) @executable_path/Frameworks @loader_path/Frameworks";
				PRODUCT_BUNDLE_IDENTIFIER = com.huiming.wang.HUBGOUITests;
				PRODUCT_NAME = "$(TARGET_NAME)";
				SWIFT_VERSION = 4.0;
				TARGETED_DEVICE_FAMILY = "1,2";
				TEST_TARGET_NAME = HUBGO;
			};
			name = Release;
		};
/* End XCBuildConfiguration section */

/* Begin XCConfigurationList section */
		AA5AEB0F1FFC851A00E562A9 /* Build configuration list for PBXProject "HUBGO" */ = {
			isa = XCConfigurationList;
			buildConfigurations = (
				AA5AEB3A1FFC851B00E562A9 /* Debug */,
				AA5AEB3B1FFC851B00E562A9 /* Release */,
			);
			defaultConfigurationIsVisible = 0;
			defaultConfigurationName = Release;
		};
		AA5AEB3C1FFC851B00E562A9 /* Build configuration list for PBXNativeTarget "HUBGO" */ = {
			isa = XCConfigurationList;
			buildConfigurations = (
				AA5AEB3D1FFC851B00E562A9 /* Debug */,
				AA5AEB3E1FFC851B00E562A9 /* Release */,
			);
			defaultConfigurationIsVisible = 0;
			defaultConfigurationName = Release;
		};
		AA5AEB3F1FFC851B00E562A9 /* Build configuration list for PBXNativeTarget "HUBGOTests" */ = {
			isa = XCConfigurationList;
			buildConfigurations = (
				AA5AEB401FFC851B00E562A9 /* Debug */,
				AA5AEB411FFC851B00E562A9 /* Release */,
			);
			defaultConfigurationIsVisible = 0;
			defaultConfigurationName = Release;
		};
		AA5AEB421FFC851B00E562A9 /* Build configuration list for PBXNativeTarget "HUBGOUITests" */ = {
			isa = XCConfigurationList;
			buildConfigurations = (
				AA5AEB431FFC851B00E562A9 /* Debug */,
				AA5AEB441FFC851B00E562A9 /* Release */,
			);
			defaultConfigurationIsVisible = 0;
			defaultConfigurationName = Release;
		};
/* End XCConfigurationList section */
	};
	rootObject = AA5AEB0C1FFC851A00E562A9 /* Project object */;
}
